
Microsoft Visual Studio Solution File, Format Version 12.00
# Visual Studio 15
VisualStudioVersion = 15.0.26403.7
MinimumVisualStudioVersion = 10.0.40219.1
Project("{FAE04EC0-301F-11D3-BF4B-00C04F79EFBC}") = "SSD_Status.Console", "SSD_Status.Console\SSD_Status.Console.csproj", "{8FE1E4A9-FCDE-4603-8A71-3EEF7A0A133B}"
EndProject
Project("{FAE04EC0-301F-11D3-BF4B-00C04F79EFBC}") = "SSD_Status.WPF", "SSD_Status.UI\SSD_Status.WPF.csproj", "{8E19EEE4-04B1-4383-BD27-99833BE21F1B}"
EndProject
Project("{FAE04EC0-301F-11D3-BF4B-00C04F79EFBC}") = "SSD_Status.Core", "SSD_Status.Core\SSD_Status.Core.csproj", "{44FB59B3-0E76-4D81-8491-F54AFC8AD086}"
EndProject
Global
	GlobalSection(SolutionConfigurationPlatforms) = preSolution
		Debug|Any CPU = Debug|Any CPU
		Release|Any CPU = Release|Any CPU
	EndGlobalSection
	GlobalSection(ProjectConfigurationPlatforms) = postSolution
		{8FE1E4A9-FCDE-4603-8A71-3EEF7A0A133B}.Debug|Any CPU.ActiveCfg = Debug|Any CPU
		{8FE1E4A9-FCDE-4603-8A71-3EEF7A0A133B}.Debug|Any CPU.Build.0 = Debug|Any CPU
		{8FE1E4A9-FCDE-4603-8A71-3EEF7A0A133B}.Release|Any CPU.ActiveCfg = Release|Any CPU
		{8FE1E4A9-FCDE-4603-8A71-3EEF7A0A133B}.Release|Any CPU.Build.0 = Release|Any CPU
		{8E19EEE4-04B1-4383-BD27-99833BE21F1B}.Debug|Any CPU.ActiveCfg = Debug|Any CPU
		{8E19EEE4-04B1-4383-BD27-99833BE21F1B}.Debug|Any CPU.Build.0 = Debug|Any CPU
		{8E19EEE4-04B1-4383-BD27-99833BE21F1B}.Release|Any CPU.ActiveCfg = Release|Any CPU
		{8E19EEE4-04B1-4383-BD27-99833BE21F1B}.Release|Any CPU.Build.0 = Release|Any CPU
		{44FB59B3-0E76-4D81-8491-F54AFC8AD086}.Debug|Any CPU.ActiveCfg = Debug|Any CPU
		{44FB59B3-0E76-4D81-8491-F54AFC8AD086}.Debug|Any CPU.Build.0 = Debug|Any CPU
		{44FB59B3-0E76-4D81-8491-F54AFC8AD086}.Release|Any CPU.ActiveCfg = Release|Any CPU
		{44FB59B3-0E76-4D81-8491-F54AFC8AD086}.Release|Any CPU.Build.0 = Release|Any CPU
	EndGlobalSection
	GlobalSection(SolutionProperties) = preSolution
		HideSolutionNode = FALSE
	EndGlobalSection
EndGlobal
